// !$*UTF8*$!
{
	archiveVersion = 1;
	classes = {
	};
	objectVersion = 48;
	objects = {

/* Begin PBXBuildFile section */
		76157D99202869F50027EB87 /* NSObjectExtensions.swift in Sources */ = {isa = PBXBuildFile; fileRef = 76157D8D202869F50027EB87 /* NSObjectExtensions.swift */; };
		76157D9A202869F50027EB87 /* StringExtensions.swift in Sources */ = {isa = PBXBuildFile; fileRef = 76157D8E202869F50027EB87 /* StringExtensions.swift */; };
		76157D9B202869F50027EB87 /* UIColorExtensions.swift in Sources */ = {isa = PBXBuildFile; fileRef = 76157D8F202869F50027EB87 /* UIColorExtensions.swift */; };
		76157D9C202869F50027EB87 /* UIImageExtensions.swift in Sources */ = {isa = PBXBuildFile; fileRef = 76157D90202869F50027EB87 /* UIImageExtensions.swift */; };
		76157D9D202869F50027EB87 /* ViewControllerExtensions.swift in Sources */ = {isa = PBXBuildFile; fileRef = 76157D91202869F50027EB87 /* ViewControllerExtensions.swift */; };
		76157D9E202869F50027EB87 /* ViewExtensions.swift in Sources */ = {isa = PBXBuildFile; fileRef = 76157D92202869F50027EB87 /* ViewExtensions.swift */; };
		76157D9F202869F50027EB87 /* ServiceLocator.swift in Sources */ = {isa = PBXBuildFile; fileRef = 76157D94202869F50027EB87 /* ServiceLocator.swift */; };
		76157DA0202869F50027EB87 /* CommonTypes.swift in Sources */ = {isa = PBXBuildFile; fileRef = 76157D96202869F50027EB87 /* CommonTypes.swift */; };
		76157DA1202869F50027EB87 /* ViewLocator.swift in Sources */ = {isa = PBXBuildFile; fileRef = 76157D98202869F50027EB87 /* ViewLocator.swift */; };
		76157DA3202872150027EB87 /* RootTabBarController.swift in Sources */ = {isa = PBXBuildFile; fileRef = 76157DA2202872140027EB87 /* RootTabBarController.swift */; };
		76157DA5202875930027EB87 /* PagerViewModel.swift in Sources */ = {isa = PBXBuildFile; fileRef = 76157DA4202875930027EB87 /* PagerViewModel.swift */; };
		76157DA7202875C90027EB87 /* ViewModel.swift in Sources */ = {isa = PBXBuildFile; fileRef = 76157DA6202875C90027EB87 /* ViewModel.swift */; };
		76157DA920287B110027EB87 /* ViewModelInjectable.swift in Sources */ = {isa = PBXBuildFile; fileRef = 76157DA820287B110027EB87 /* ViewModelInjectable.swift */; };
		76157DAC2028842C0027EB87 /* Activator.swift in Sources */ = {isa = PBXBuildFile; fileRef = 76157DAB2028842C0027EB87 /* Activator.swift */; };
		76157DAE20288B940027EB87 /* Activable.swift in Sources */ = {isa = PBXBuildFile; fileRef = 76157DAD20288B940027EB87 /* Activable.swift */; };
		76157DB0202891090027EB87 /* RootTabBarViewModel.swift in Sources */ = {isa = PBXBuildFile; fileRef = 76157DAF202891090027EB87 /* RootTabBarViewModel.swift */; };
		76157DB22028A2990027EB87 /* DrawingViewModel.swift in Sources */ = {isa = PBXBuildFile; fileRef = 76157DB12028A2980027EB87 /* DrawingViewModel.swift */; };
		7642ED452029CBFC00328659 /* PubNub.framework in Frameworks */ = {isa = PBXBuildFile; fileRef = 7642ED412029CBE600328659 /* PubNub.framework */; };
		7642ED462029CBFC00328659 /* PubNub.framework in Embed Frameworks */ = {isa = PBXBuildFile; fileRef = 7642ED412029CBE600328659 /* PubNub.framework */; settings = {ATTRIBUTES = (CodeSignOnCopy, RemoveHeadersOnCopy, ); }; };
		7642ED4A2029E1A700328659 /* MessagingMessageParser.swift in Sources */ = {isa = PBXBuildFile; fileRef = 7642ED492029E1A700328659 /* MessagingMessageParser.swift */; };
		7642ED4C2029E28C00328659 /* PagerViewModelTests.swift in Sources */ = {isa = PBXBuildFile; fileRef = 7642ED4B2029E28C00328659 /* PagerViewModelTests.swift */; };
		7642ED4F202A257B00328659 /* PagerMessageParser.swift in Sources */ = {isa = PBXBuildFile; fileRef = 7642ED4E202A257B00328659 /* PagerMessageParser.swift */; };
		7642ED51202A280300328659 /* MessagingSubscriptionStatus.swift in Sources */ = {isa = PBXBuildFile; fileRef = 7642ED50202A280300328659 /* MessagingSubscriptionStatus.swift */; };
		7642ED53202A284100328659 /* MessagingPayload.swift in Sources */ = {isa = PBXBuildFile; fileRef = 7642ED52202A284100328659 /* MessagingPayload.swift */; };
		7642ED55202A286500328659 /* MessagingError.swift in Sources */ = {isa = PBXBuildFile; fileRef = 7642ED54202A286500328659 /* MessagingError.swift */; };
		7662A0D42024778D00E15C63 /* AppDelegate.swift in Sources */ = {isa = PBXBuildFile; fileRef = 7662A0D32024778D00E15C63 /* AppDelegate.swift */; };
		7662A0D62024778D00E15C63 /* PagerViewController.swift in Sources */ = {isa = PBXBuildFile; fileRef = 7662A0D52024778D00E15C63 /* PagerViewController.swift */; };
		7662A0D82024778D00E15C63 /* DrawingViewController.swift in Sources */ = {isa = PBXBuildFile; fileRef = 7662A0D72024778D00E15C63 /* DrawingViewController.swift */; };
		7662A0DB2024778D00E15C63 /* Main.storyboard in Resources */ = {isa = PBXBuildFile; fileRef = 7662A0D92024778D00E15C63 /* Main.storyboard */; };
		7662A0DD2024778D00E15C63 /* Assets.xcassets in Resources */ = {isa = PBXBuildFile; fileRef = 7662A0DC2024778D00E15C63 /* Assets.xcassets */; };
		7662A0E82024778D00E15C63 /* ActivatorTests.swift in Sources */ = {isa = PBXBuildFile; fileRef = 7662A0E72024778D00E15C63 /* ActivatorTests.swift */; };
		7662A0F32024778D00E15C63 /* teleduUITests.swift in Sources */ = {isa = PBXBuildFile; fileRef = 7662A0F22024778D00E15C63 /* teleduUITests.swift */; };
		768E5FD9202483B600D3B93F /* BrowserViewController.swift in Sources */ = {isa = PBXBuildFile; fileRef = 768E5FD8202483B600D3B93F /* BrowserViewController.swift */; };
		768E5FDB202483C800D3B93F /* SysInfoViewController.swift in Sources */ = {isa = PBXBuildFile; fileRef = 768E5FDA202483C800D3B93F /* SysInfoViewController.swift */; };
		768E5FE52024857F00D3B93F /* GenericViewController.swift in Sources */ = {isa = PBXBuildFile; fileRef = 768E5FE42024857F00D3B93F /* GenericViewController.swift */; };
		768E5FE72024864200D3B93F /* MessagingService.swift in Sources */ = {isa = PBXBuildFile; fileRef = 768E5FE62024864200D3B93F /* MessagingService.swift */; };
		768E5FEA2024865600D3B93F /* MessagingServiceImpl.swift in Sources */ = {isa = PBXBuildFile; fileRef = 768E5FE92024865600D3B93F /* MessagingServiceImpl.swift */; };
		768E5FED2024869300D3B93F /* Bootstrapper.swift in Sources */ = {isa = PBXBuildFile; fileRef = 768E5FEC2024869300D3B93F /* Bootstrapper.swift */; };
		768E5FEF202486BF00D3B93F /* Registrable.swift in Sources */ = {isa = PBXBuildFile; fileRef = 768E5FEE202486BF00D3B93F /* Registrable.swift */; };
		768E5FF12024871300D3B93F /* BaseService.swift in Sources */ = {isa = PBXBuildFile; fileRef = 768E5FF02024871300D3B93F /* BaseService.swift */; };
		768E5FF32024884300D3B93F /* ServiceContext.swift in Sources */ = {isa = PBXBuildFile; fileRef = 768E5FF22024884300D3B93F /* ServiceContext.swift */; };
		768E5FF72024898400D3B93F /* ApplicationServiceContext.swift in Sources */ = {isa = PBXBuildFile; fileRef = 768E5FF62024898400D3B93F /* ApplicationServiceContext.swift */; };
		768E5FF9202489AF00D3B93F /* ServiceContextInjectable.swift in Sources */ = {isa = PBXBuildFile; fileRef = 768E5FF8202489AF00D3B93F /* ServiceContextInjectable.swift */; };
		768E6000202494D300D3B93F /* MessageBoxService.swift in Sources */ = {isa = PBXBuildFile; fileRef = 768E5FFF202494D300D3B93F /* MessageBoxService.swift */; };
		768E60032024950000D3B93F /* MessageBoxServiceImpl.swift in Sources */ = {isa = PBXBuildFile; fileRef = 768E60022024950000D3B93F /* MessageBoxServiceImpl.swift */; };
		76992BFE20299F9D0015B52E /* ServiceLocatorTests.swift in Sources */ = {isa = PBXBuildFile; fileRef = 76992BFD20299F9D0015B52E /* ServiceLocatorTests.swift */; };
		76992C002029A4ED0015B52E /* BrowserViewModel.swift in Sources */ = {isa = PBXBuildFile; fileRef = 76992BFF2029A4ED0015B52E /* BrowserViewModel.swift */; };
		76992C022029A5180015B52E /* SysInfoViewModel.swift in Sources */ = {isa = PBXBuildFile; fileRef = 76992C012029A5180015B52E /* SysInfoViewModel.swift */; };
		76992C052029B0D50015B52E /* Event.swift in Sources */ = {isa = PBXBuildFile; fileRef = 76992C042029B0D50015B52E /* Event.swift */; };
		76992C072029B10B0015B52E /* Invocable.swift in Sources */ = {isa = PBXBuildFile; fileRef = 76992C062029B10B0015B52E /* Invocable.swift */; };
		76992C092029B1160015B52E /* Disposable.swift in Sources */ = {isa = PBXBuildFile; fileRef = 76992C082029B1160015B52E /* Disposable.swift */; };
		76992C0B2029B3790015B52E /* PagerMessage.swift in Sources */ = {isa = PBXBuildFile; fileRef = 76992C0A2029B3790015B52E /* PagerMessage.swift */; };
		769EC1C72024AE9A0011DB3A /* WebSocketService.swift in Sources */ = {isa = PBXBuildFile; fileRef = 769EC1C62024AE9A0011DB3A /* WebSocketService.swift */; };
		769EC1C92024AEB40011DB3A /* WebSocketServiceImpl.swift in Sources */ = {isa = PBXBuildFile; fileRef = 769EC1C82024AEB40011DB3A /* WebSocketServiceImpl.swift */; };
/* End PBXBuildFile section */

/* Begin PBXContainerItemProxy section */
		7662A0E42024778D00E15C63 /* PBXContainerItemProxy */ = {
			isa = PBXContainerItemProxy;
			containerPortal = 7662A0C82024778D00E15C63 /* Project object */;
			proxyType = 1;
			remoteGlobalIDString = 7662A0CF2024778D00E15C63;
			remoteInfo = teledu;
		};
		7662A0EF2024778D00E15C63 /* PBXContainerItemProxy */ = {
			isa = PBXContainerItemProxy;
			containerPortal = 7662A0C82024778D00E15C63 /* Project object */;
			proxyType = 1;
			remoteGlobalIDString = 7662A0CF2024778D00E15C63;
			remoteInfo = teledu;
		};
/* End PBXContainerItemProxy section */

/* Begin PBXCopyFilesBuildPhase section */
		7642ED472029CBFC00328659 /* Embed Frameworks */ = {
			isa = PBXCopyFilesBuildPhase;
			buildActionMask = 2147483647;
			dstPath = "";
			dstSubfolderSpec = 10;
			files = (
				7642ED462029CBFC00328659 /* PubNub.framework in Embed Frameworks */,
			);
			name = "Embed Frameworks";
			runOnlyForDeploymentPostprocessing = 0;
		};
/* End PBXCopyFilesBuildPhase section */

/* Begin PBXFileReference section */
		76157D8D202869F50027EB87 /* NSObjectExtensions.swift */ = {isa = PBXFileReference; fileEncoding = 4; lastKnownFileType = sourcecode.swift; path = NSObjectExtensions.swift; sourceTree = "<group>"; };
		76157D8E202869F50027EB87 /* StringExtensions.swift */ = {isa = PBXFileReference; fileEncoding = 4; lastKnownFileType = sourcecode.swift; path = StringExtensions.swift; sourceTree = "<group>"; };
		76157D8F202869F50027EB87 /* UIColorExtensions.swift */ = {isa = PBXFileReference; fileEncoding = 4; lastKnownFileType = sourcecode.swift; path = UIColorExtensions.swift; sourceTree = "<group>"; };
		76157D90202869F50027EB87 /* UIImageExtensions.swift */ = {isa = PBXFileReference; fileEncoding = 4; lastKnownFileType = sourcecode.swift; path = UIImageExtensions.swift; sourceTree = "<group>"; };
		76157D91202869F50027EB87 /* ViewControllerExtensions.swift */ = {isa = PBXFileReference; fileEncoding = 4; lastKnownFileType = sourcecode.swift; path = ViewControllerExtensions.swift; sourceTree = "<group>"; };
		76157D92202869F50027EB87 /* ViewExtensions.swift */ = {isa = PBXFileReference; fileEncoding = 4; lastKnownFileType = sourcecode.swift; path = ViewExtensions.swift; sourceTree = "<group>"; };
		76157D94202869F50027EB87 /* ServiceLocator.swift */ = {isa = PBXFileReference; fileEncoding = 4; lastKnownFileType = sourcecode.swift; path = ServiceLocator.swift; sourceTree = "<group>"; };
		76157D96202869F50027EB87 /* CommonTypes.swift */ = {isa = PBXFileReference; fileEncoding = 4; lastKnownFileType = sourcecode.swift; path = CommonTypes.swift; sourceTree = "<group>"; };
		76157D98202869F50027EB87 /* ViewLocator.swift */ = {isa = PBXFileReference; fileEncoding = 4; lastKnownFileType = sourcecode.swift; path = ViewLocator.swift; sourceTree = "<group>"; };
		76157DA2202872140027EB87 /* RootTabBarController.swift */ = {isa = PBXFileReference; lastKnownFileType = sourcecode.swift; path = RootTabBarController.swift; sourceTree = "<group>"; };
		76157DA4202875930027EB87 /* PagerViewModel.swift */ = {isa = PBXFileReference; lastKnownFileType = sourcecode.swift; path = PagerViewModel.swift; sourceTree = "<group>"; };
		76157DA6202875C90027EB87 /* ViewModel.swift */ = {isa = PBXFileReference; lastKnownFileType = sourcecode.swift; path = ViewModel.swift; sourceTree = "<group>"; };
		76157DA820287B110027EB87 /* ViewModelInjectable.swift */ = {isa = PBXFileReference; lastKnownFileType = sourcecode.swift; path = ViewModelInjectable.swift; sourceTree = "<group>"; };
		76157DAB2028842C0027EB87 /* Activator.swift */ = {isa = PBXFileReference; lastKnownFileType = sourcecode.swift; path = Activator.swift; sourceTree = "<group>"; };
		76157DAD20288B940027EB87 /* Activable.swift */ = {isa = PBXFileReference; lastKnownFileType = sourcecode.swift; path = Activable.swift; sourceTree = "<group>"; };
		76157DAF202891090027EB87 /* RootTabBarViewModel.swift */ = {isa = PBXFileReference; lastKnownFileType = sourcecode.swift; path = RootTabBarViewModel.swift; sourceTree = "<group>"; };
		76157DB12028A2980027EB87 /* DrawingViewModel.swift */ = {isa = PBXFileReference; lastKnownFileType = sourcecode.swift; path = DrawingViewModel.swift; sourceTree = "<group>"; };
		7642ED412029CBE600328659 /* PubNub.framework */ = {isa = PBXFileReference; lastKnownFileType = wrapper.framework; path = PubNub.framework; sourceTree = "<group>"; };
		7642ED492029E1A700328659 /* MessagingMessageParser.swift */ = {isa = PBXFileReference; lastKnownFileType = sourcecode.swift; path = MessagingMessageParser.swift; sourceTree = "<group>"; };
		7642ED4B2029E28C00328659 /* PagerViewModelTests.swift */ = {isa = PBXFileReference; lastKnownFileType = sourcecode.swift; path = PagerViewModelTests.swift; sourceTree = "<group>"; };
		7642ED4E202A257B00328659 /* PagerMessageParser.swift */ = {isa = PBXFileReference; lastKnownFileType = sourcecode.swift; path = PagerMessageParser.swift; sourceTree = "<group>"; };
		7642ED50202A280300328659 /* MessagingSubscriptionStatus.swift */ = {isa = PBXFileReference; lastKnownFileType = sourcecode.swift; path = MessagingSubscriptionStatus.swift; sourceTree = "<group>"; };
		7642ED52202A284100328659 /* MessagingPayload.swift */ = {isa = PBXFileReference; lastKnownFileType = sourcecode.swift; path = MessagingPayload.swift; sourceTree = "<group>"; };
		7642ED54202A286500328659 /* MessagingError.swift */ = {isa = PBXFileReference; lastKnownFileType = sourcecode.swift; path = MessagingError.swift; sourceTree = "<group>"; };
		7662A0D02024778D00E15C63 /* teledu.app */ = {isa = PBXFileReference; explicitFileType = wrapper.application; includeInIndex = 0; path = teledu.app; sourceTree = BUILT_PRODUCTS_DIR; };
		7662A0D32024778D00E15C63 /* AppDelegate.swift */ = {isa = PBXFileReference; lastKnownFileType = sourcecode.swift; path = AppDelegate.swift; sourceTree = "<group>"; };
		7662A0D52024778D00E15C63 /* PagerViewController.swift */ = {isa = PBXFileReference; lastKnownFileType = sourcecode.swift; path = PagerViewController.swift; sourceTree = "<group>"; };
		7662A0D72024778D00E15C63 /* DrawingViewController.swift */ = {isa = PBXFileReference; lastKnownFileType = sourcecode.swift; path = DrawingViewController.swift; sourceTree = "<group>"; };
		7662A0DA2024778D00E15C63 /* Base */ = {isa = PBXFileReference; lastKnownFileType = file.storyboard; name = Base; path = Base.lproj/Main.storyboard; sourceTree = "<group>"; };
		7662A0DC2024778D00E15C63 /* Assets.xcassets */ = {isa = PBXFileReference; lastKnownFileType = folder.assetcatalog; path = Assets.xcassets; sourceTree = "<group>"; };
		7662A0DE2024778D00E15C63 /* Info.plist */ = {isa = PBXFileReference; lastKnownFileType = text.plist.xml; path = Info.plist; sourceTree = "<group>"; };
		7662A0E32024778D00E15C63 /* teleduTests.xctest */ = {isa = PBXFileReference; explicitFileType = wrapper.cfbundle; includeInIndex = 0; path = teleduTests.xctest; sourceTree = BUILT_PRODUCTS_DIR; };
		7662A0E72024778D00E15C63 /* ActivatorTests.swift */ = {isa = PBXFileReference; lastKnownFileType = sourcecode.swift; path = ActivatorTests.swift; sourceTree = "<group>"; };
		7662A0E92024778D00E15C63 /* Info.plist */ = {isa = PBXFileReference; lastKnownFileType = text.plist.xml; path = Info.plist; sourceTree = "<group>"; };
		7662A0EE2024778D00E15C63 /* teleduUITests.xctest */ = {isa = PBXFileReference; explicitFileType = wrapper.cfbundle; includeInIndex = 0; path = teleduUITests.xctest; sourceTree = BUILT_PRODUCTS_DIR; };
		7662A0F22024778D00E15C63 /* teleduUITests.swift */ = {isa = PBXFileReference; lastKnownFileType = sourcecode.swift; path = teleduUITests.swift; sourceTree = "<group>"; };
		7662A0F42024778D00E15C63 /* Info.plist */ = {isa = PBXFileReference; lastKnownFileType = text.plist.xml; path = Info.plist; sourceTree = "<group>"; };
		7662A1002024784E00E15C63 /* teledu.entitlements */ = {isa = PBXFileReference; lastKnownFileType = text.plist.entitlements; path = teledu.entitlements; sourceTree = "<group>"; };
		768E5FD8202483B600D3B93F /* BrowserViewController.swift */ = {isa = PBXFileReference; lastKnownFileType = sourcecode.swift; path = BrowserViewController.swift; sourceTree = "<group>"; };
		768E5FDA202483C800D3B93F /* SysInfoViewController.swift */ = {isa = PBXFileReference; lastKnownFileType = sourcecode.swift; path = SysInfoViewController.swift; sourceTree = "<group>"; };
		768E5FE42024857F00D3B93F /* GenericViewController.swift */ = {isa = PBXFileReference; lastKnownFileType = sourcecode.swift; path = GenericViewController.swift; sourceTree = "<group>"; };
		768E5FE62024864200D3B93F /* MessagingService.swift */ = {isa = PBXFileReference; lastKnownFileType = sourcecode.swift; path = MessagingService.swift; sourceTree = "<group>"; };
		768E5FE92024865600D3B93F /* MessagingServiceImpl.swift */ = {isa = PBXFileReference; lastKnownFileType = sourcecode.swift; path = MessagingServiceImpl.swift; sourceTree = "<group>"; };
		768E5FEC2024869300D3B93F /* Bootstrapper.swift */ = {isa = PBXFileReference; lastKnownFileType = sourcecode.swift; path = Bootstrapper.swift; sourceTree = "<group>"; };
		768E5FEE202486BF00D3B93F /* Registrable.swift */ = {isa = PBXFileReference; lastKnownFileType = sourcecode.swift; path = Registrable.swift; sourceTree = "<group>"; };
		768E5FF02024871300D3B93F /* BaseService.swift */ = {isa = PBXFileReference; lastKnownFileType = sourcecode.swift; path = BaseService.swift; sourceTree = "<group>"; };
		768E5FF22024884300D3B93F /* ServiceContext.swift */ = {isa = PBXFileReference; lastKnownFileType = sourcecode.swift; path = ServiceContext.swift; sourceTree = "<group>"; };
		768E5FF62024898400D3B93F /* ApplicationServiceContext.swift */ = {isa = PBXFileReference; lastKnownFileType = sourcecode.swift; path = ApplicationServiceContext.swift; sourceTree = "<group>"; };
		768E5FF8202489AF00D3B93F /* ServiceContextInjectable.swift */ = {isa = PBXFileReference; lastKnownFileType = sourcecode.swift; path = ServiceContextInjectable.swift; sourceTree = "<group>"; };
		768E5FFF202494D300D3B93F /* MessageBoxService.swift */ = {isa = PBXFileReference; lastKnownFileType = sourcecode.swift; path = MessageBoxService.swift; sourceTree = "<group>"; };
		768E60022024950000D3B93F /* MessageBoxServiceImpl.swift */ = {isa = PBXFileReference; lastKnownFileType = sourcecode.swift; path = MessageBoxServiceImpl.swift; sourceTree = "<group>"; };
		768E60042024962D00D3B93F /* README.md */ = {isa = PBXFileReference; fileEncoding = 4; lastKnownFileType = net.daringfireball.markdown; path = README.md; sourceTree = "<group>"; };
		76992BFD20299F9D0015B52E /* ServiceLocatorTests.swift */ = {isa = PBXFileReference; lastKnownFileType = sourcecode.swift; path = ServiceLocatorTests.swift; sourceTree = "<group>"; };
		76992BFF2029A4ED0015B52E /* BrowserViewModel.swift */ = {isa = PBXFileReference; lastKnownFileType = sourcecode.swift; path = BrowserViewModel.swift; sourceTree = "<group>"; };
		76992C012029A5180015B52E /* SysInfoViewModel.swift */ = {isa = PBXFileReference; lastKnownFileType = sourcecode.swift; path = SysInfoViewModel.swift; sourceTree = "<group>"; };
		76992C042029B0D50015B52E /* Event.swift */ = {isa = PBXFileReference; fileEncoding = 4; lastKnownFileType = sourcecode.swift; path = Event.swift; sourceTree = "<group>"; };
		76992C062029B10B0015B52E /* Invocable.swift */ = {isa = PBXFileReference; lastKnownFileType = sourcecode.swift; path = Invocable.swift; sourceTree = "<group>"; };
		76992C082029B1160015B52E /* Disposable.swift */ = {isa = PBXFileReference; lastKnownFileType = sourcecode.swift; path = Disposable.swift; sourceTree = "<group>"; };
		76992C0A2029B3790015B52E /* PagerMessage.swift */ = {isa = PBXFileReference; lastKnownFileType = sourcecode.swift; path = PagerMessage.swift; sourceTree = "<group>"; };
		769EC1C42024AE400011DB3A /* README.md */ = {isa = PBXFileReference; fileEncoding = 4; lastKnownFileType = net.daringfireball.markdown; path = README.md; sourceTree = "<group>"; };
		769EC1C62024AE9A0011DB3A /* WebSocketService.swift */ = {isa = PBXFileReference; lastKnownFileType = sourcecode.swift; path = WebSocketService.swift; sourceTree = "<group>"; };
		769EC1C82024AEB40011DB3A /* WebSocketServiceImpl.swift */ = {isa = PBXFileReference; lastKnownFileType = sourcecode.swift; path = WebSocketServiceImpl.swift; sourceTree = "<group>"; };
/* End PBXFileReference section */

/* Begin PBXFrameworksBuildPhase section */
		7662A0CD2024778D00E15C63 /* Frameworks */ = {
			isa = PBXFrameworksBuildPhase;
			buildActionMask = 2147483647;
			files = (
				7642ED452029CBFC00328659 /* PubNub.framework in Frameworks */,
			);
			runOnlyForDeploymentPostprocessing = 0;
		};
		7662A0E02024778D00E15C63 /* Frameworks */ = {
			isa = PBXFrameworksBuildPhase;
			buildActionMask = 2147483647;
			files = (
			);
			runOnlyForDeploymentPostprocessing = 0;
		};
		7662A0EB2024778D00E15C63 /* Frameworks */ = {
			isa = PBXFrameworksBuildPhase;
			buildActionMask = 2147483647;
			files = (
			);
			runOnlyForDeploymentPostprocessing = 0;
		};
/* End PBXFrameworksBuildPhase section */

/* Begin PBXGroup section */
		76157D8B202869F50027EB87 /* Common */ = {
			isa = PBXGroup;
			children = (
				76992C032029B0D50015B52E /* Event */,
				76157DAA202884160027EB87 /* Activator */,
				76157D8C202869F50027EB87 /* Extensions */,
				76157D93202869F50027EB87 /* ServiceLocator */,
				76157D95202869F50027EB87 /* Types */,
				76157D97202869F50027EB87 /* ViewLocator */,
			);
			path = Common;
			sourceTree = "<group>";
		};
		76157D8C202869F50027EB87 /* Extensions */ = {
			isa = PBXGroup;
			children = (
				76157D8D202869F50027EB87 /* NSObjectExtensions.swift */,
				76157D8E202869F50027EB87 /* StringExtensions.swift */,
				76157D8F202869F50027EB87 /* UIColorExtensions.swift */,
				76157D90202869F50027EB87 /* UIImageExtensions.swift */,
				76157D91202869F50027EB87 /* ViewControllerExtensions.swift */,
				76157D92202869F50027EB87 /* ViewExtensions.swift */,
			);
			path = Extensions;
			sourceTree = "<group>";
		};
		76157D93202869F50027EB87 /* ServiceLocator */ = {
			isa = PBXGroup;
			children = (
				76157D94202869F50027EB87 /* ServiceLocator.swift */,
			);
			path = ServiceLocator;
			sourceTree = "<group>";
		};
		76157D95202869F50027EB87 /* Types */ = {
			isa = PBXGroup;
			children = (
				76157D96202869F50027EB87 /* CommonTypes.swift */,
				76157DA6202875C90027EB87 /* ViewModel.swift */,
				76157DA820287B110027EB87 /* ViewModelInjectable.swift */,
			);
			path = Types;
			sourceTree = "<group>";
		};
		76157D97202869F50027EB87 /* ViewLocator */ = {
			isa = PBXGroup;
			children = (
				76157D98202869F50027EB87 /* ViewLocator.swift */,
			);
			path = ViewLocator;
			sourceTree = "<group>";
		};
		76157DAA202884160027EB87 /* Activator */ = {
			isa = PBXGroup;
			children = (
				76157DAD20288B940027EB87 /* Activable.swift */,
				76157DAB2028842C0027EB87 /* Activator.swift */,
			);
			path = Activator;
			sourceTree = "<group>";
		};
		7642ED402029CBE600328659 /* PubNub */ = {
			isa = PBXGroup;
			children = (
				7642ED412029CBE600328659 /* PubNub.framework */,
			);
			path = PubNub;
			sourceTree = "<group>";
		};
		7662A0C72024778D00E15C63 = {
			isa = PBXGroup;
			children = (
				7662A0D22024778D00E15C63 /* Source */,
				7662A0E62024778D00E15C63 /* teleduTests */,
				7662A0F12024778D00E15C63 /* teleduUITests */,
				7662A0D12024778D00E15C63 /* Products */,
				7662A1012024784E00E15C63 /* Frameworks */,
				769EC1C42024AE400011DB3A /* README.md */,
			);
			sourceTree = "<group>";
		};
		7662A0D12024778D00E15C63 /* Products */ = {
			isa = PBXGroup;
			children = (
				7662A0D02024778D00E15C63 /* teledu.app */,
				7662A0E32024778D00E15C63 /* teleduTests.xctest */,
				7662A0EE2024778D00E15C63 /* teleduUITests.xctest */,
			);
			name = Products;
			sourceTree = "<group>";
		};
		7662A0D22024778D00E15C63 /* Source */ = {
			isa = PBXGroup;
			children = (
				768E5FD1202482DA00D3B93F /* External */,
				76157D8B202869F50027EB87 /* Common */,
				768E5FE32024856000D3B93F /* CommonUI */,
				768E5FD32024833400D3B93F /* Tabs */,
				768E5FD2202482EA00D3B93F /* Services */,
				768E5FEB2024866600D3B93F /* System */,
				7662A1002024784E00E15C63 /* teledu.entitlements */,
				7662A0D92024778D00E15C63 /* Main.storyboard */,
				7662A0DC2024778D00E15C63 /* Assets.xcassets */,
				7662A0DE2024778D00E15C63 /* Info.plist */,
			);
			path = Source;
			sourceTree = "<group>";
		};
		7662A0E62024778D00E15C63 /* teleduTests */ = {
			isa = PBXGroup;
			children = (
				7662A0E72024778D00E15C63 /* ActivatorTests.swift */,
				76992BFD20299F9D0015B52E /* ServiceLocatorTests.swift */,
				7642ED4B2029E28C00328659 /* PagerViewModelTests.swift */,
				7662A0E92024778D00E15C63 /* Info.plist */,
			);
			path = teleduTests;
			sourceTree = "<group>";
		};
		7662A0F12024778D00E15C63 /* teleduUITests */ = {
			isa = PBXGroup;
			children = (
				7662A0F22024778D00E15C63 /* teleduUITests.swift */,
				7662A0F42024778D00E15C63 /* Info.plist */,
			);
			path = teleduUITests;
			sourceTree = "<group>";
		};
		7662A1012024784E00E15C63 /* Frameworks */ = {
			isa = PBXGroup;
			children = (
			);
			name = Frameworks;
			sourceTree = "<group>";
		};
		768E5FD0202482CA00D3B93F /* Messaging */ = {
			isa = PBXGroup;
			children = (
				768E5FE62024864200D3B93F /* MessagingService.swift */,
				7642ED50202A280300328659 /* MessagingSubscriptionStatus.swift */,
				7642ED54202A286500328659 /* MessagingError.swift */,
				7642ED52202A284100328659 /* MessagingPayload.swift */,
				7642ED492029E1A700328659 /* MessagingMessageParser.swift */,
				768E5FE82024864600D3B93F /* Impl */,
			);
			path = Messaging;
			sourceTree = "<group>";
		};
		768E5FD1202482DA00D3B93F /* External */ = {
			isa = PBXGroup;
			children = (
				7642ED402029CBE600328659 /* PubNub */,
				768E60042024962D00D3B93F /* README.md */,
			);
			path = External;
			sourceTree = "<group>";
		};
		768E5FD2202482EA00D3B93F /* Services */ = {
			isa = PBXGroup;
			children = (
				768E5FF42024890500D3B93F /* Base */,
				768E5FFD2024947700D3B93F /* Common */,
				768E5FD0202482CA00D3B93F /* Messaging */,
			);
			path = Services;
			sourceTree = "<group>";
		};
		768E5FD32024833400D3B93F /* Tabs */ = {
			isa = PBXGroup;
			children = (
				768E5FD72024837800D3B93F /* SysInfo */,
				768E5FD62024836F00D3B93F /* Browser */,
				768E5FD52024835600D3B93F /* Drawing */,
				768E5FD42024834B00D3B93F /* Pager */,
			);
			path = Tabs;
			sourceTree = "<group>";
		};
		768E5FD42024834B00D3B93F /* Pager */ = {
			isa = PBXGroup;
			children = (
				7662A0D52024778D00E15C63 /* PagerViewController.swift */,
				76157DA4202875930027EB87 /* PagerViewModel.swift */,
				76992C0A2029B3790015B52E /* PagerMessage.swift */,
				7642ED4E202A257B00328659 /* PagerMessageParser.swift */,
			);
			path = Pager;
			sourceTree = "<group>";
		};
		768E5FD52024835600D3B93F /* Drawing */ = {
			isa = PBXGroup;
			children = (
				7662A0D72024778D00E15C63 /* DrawingViewController.swift */,
				76157DB12028A2980027EB87 /* DrawingViewModel.swift */,
			);
			path = Drawing;
			sourceTree = "<group>";
		};
		768E5FD62024836F00D3B93F /* Browser */ = {
			isa = PBXGroup;
			children = (
				768E5FD8202483B600D3B93F /* BrowserViewController.swift */,
				76992BFF2029A4ED0015B52E /* BrowserViewModel.swift */,
			);
			path = Browser;
			sourceTree = "<group>";
		};
		768E5FD72024837800D3B93F /* SysInfo */ = {
			isa = PBXGroup;
			children = (
				768E5FDA202483C800D3B93F /* SysInfoViewController.swift */,
				76992C012029A5180015B52E /* SysInfoViewModel.swift */,
			);
			path = SysInfo;
			sourceTree = "<group>";
		};
		768E5FE32024856000D3B93F /* CommonUI */ = {
			isa = PBXGroup;
			children = (
				768E5FE42024857F00D3B93F /* GenericViewController.swift */,
				76157DA2202872140027EB87 /* RootTabBarController.swift */,
				76157DAF202891090027EB87 /* RootTabBarViewModel.swift */,
			);
			path = CommonUI;
			sourceTree = "<group>";
		};
		768E5FE82024864600D3B93F /* Impl */ = {
			isa = PBXGroup;
			children = (
				768E5FE92024865600D3B93F /* MessagingServiceImpl.swift */,
			);
			path = Impl;
			sourceTree = "<group>";
		};
		768E5FEB2024866600D3B93F /* System */ = {
			isa = PBXGroup;
			children = (
				7662A0D32024778D00E15C63 /* AppDelegate.swift */,
				768E5FEC2024869300D3B93F /* Bootstrapper.swift */,
				768E5FF62024898400D3B93F /* ApplicationServiceContext.swift */,
			);
			path = System;
			sourceTree = "<group>";
		};
		768E5FF42024890500D3B93F /* Base */ = {
			isa = PBXGroup;
			children = (
				768E5FEE202486BF00D3B93F /* Registrable.swift */,
				768E5FF22024884300D3B93F /* ServiceContext.swift */,
				768E5FF8202489AF00D3B93F /* ServiceContextInjectable.swift */,
				768E5FF02024871300D3B93F /* BaseService.swift */,
			);
			path = Base;
			sourceTree = "<group>";
		};
		768E5FFD2024947700D3B93F /* Common */ = {
			isa = PBXGroup;
			children = (
				768E5FFF202494D300D3B93F /* MessageBoxService.swift */,
				769EC1C62024AE9A0011DB3A /* WebSocketService.swift */,
				768E6001202494EF00D3B93F /* Impl */,
			);
			path = Common;
			sourceTree = "<group>";
		};
		768E6001202494EF00D3B93F /* Impl */ = {
			isa = PBXGroup;
			children = (
				768E60022024950000D3B93F /* MessageBoxServiceImpl.swift */,
				769EC1C82024AEB40011DB3A /* WebSocketServiceImpl.swift */,
			);
			path = Impl;
			sourceTree = "<group>";
		};
		76992C032029B0D50015B52E /* Event */ = {
			isa = PBXGroup;
			children = (
				76992C042029B0D50015B52E /* Event.swift */,
				76992C062029B10B0015B52E /* Invocable.swift */,
				76992C082029B1160015B52E /* Disposable.swift */,
			);
			path = Event;
			sourceTree = "<group>";
		};
/* End PBXGroup section */

/* Begin PBXNativeTarget section */
		7662A0CF2024778D00E15C63 /* teledu */ = {
			isa = PBXNativeTarget;
			buildConfigurationList = 7662A0F72024778D00E15C63 /* Build configuration list for PBXNativeTarget "teledu" */;
			buildPhases = (
				7662A0CC2024778D00E15C63 /* Sources */,
				7662A0CD2024778D00E15C63 /* Frameworks */,
				7662A0CE2024778D00E15C63 /* Resources */,
				7642ED472029CBFC00328659 /* Embed Frameworks */,
			);
			buildRules = (
			);
			dependencies = (
			);
			name = teledu;
			productName = teledu;
			productReference = 7662A0D02024778D00E15C63 /* teledu.app */;
			productType = "com.apple.product-type.application";
		};
		7662A0E22024778D00E15C63 /* teleduTests */ = {
			isa = PBXNativeTarget;
			buildConfigurationList = 7662A0FA2024778D00E15C63 /* Build configuration list for PBXNativeTarget "teleduTests" */;
			buildPhases = (
				7662A0DF2024778D00E15C63 /* Sources */,
				7662A0E02024778D00E15C63 /* Frameworks */,
				7662A0E12024778D00E15C63 /* Resources */,
			);
			buildRules = (
			);
			dependencies = (
				7662A0E52024778D00E15C63 /* PBXTargetDependency */,
			);
			name = teleduTests;
			productName = teleduTests;
			productReference = 7662A0E32024778D00E15C63 /* teleduTests.xctest */;
			productType = "com.apple.product-type.bundle.unit-test";
		};
		7662A0ED2024778D00E15C63 /* teleduUITests */ = {
			isa = PBXNativeTarget;
			buildConfigurationList = 7662A0FD2024778D00E15C63 /* Build configuration list for PBXNativeTarget "teleduUITests" */;
			buildPhases = (
				7662A0EA2024778D00E15C63 /* Sources */,
				7662A0EB2024778D00E15C63 /* Frameworks */,
				7662A0EC2024778D00E15C63 /* Resources */,
			);
			buildRules = (
			);
			dependencies = (
				7662A0F02024778D00E15C63 /* PBXTargetDependency */,
			);
			name = teleduUITests;
			productName = teleduUITests;
			productReference = 7662A0EE2024778D00E15C63 /* teleduUITests.xctest */;
			productType = "com.apple.product-type.bundle.ui-testing";
		};
/* End PBXNativeTarget section */

/* Begin PBXProject section */
		7662A0C82024778D00E15C63 /* Project object */ = {
			isa = PBXProject;
			attributes = {
				LastSwiftUpdateCheck = 0920;
				LastUpgradeCheck = 0920;
				ORGANIZATIONNAME = lexiko.me;
				TargetAttributes = {
					7662A0CF2024778D00E15C63 = {
						CreatedOnToolsVersion = 9.2;
						ProvisioningStyle = Automatic;
						SystemCapabilities = {
							com.apple.HomeKit = {
								enabled = 0;
							};
						};
					};
					7662A0E22024778D00E15C63 = {
						CreatedOnToolsVersion = 9.2;
						ProvisioningStyle = Automatic;
						TestTargetID = 7662A0CF2024778D00E15C63;
					};
					7662A0ED2024778D00E15C63 = {
						CreatedOnToolsVersion = 9.2;
						ProvisioningStyle = Automatic;
						TestTargetID = 7662A0CF2024778D00E15C63;
					};
				};
			};
			buildConfigurationList = 7662A0CB2024778D00E15C63 /* Build configuration list for PBXProject "teledu" */;
			compatibilityVersion = "Xcode 8.0";
			developmentRegion = en;
			hasScannedForEncodings = 0;
			knownRegions = (
				en,
				Base,
			);
			mainGroup = 7662A0C72024778D00E15C63;
			productRefGroup = 7662A0D12024778D00E15C63 /* Products */;
			projectDirPath = "";
			projectRoot = "";
			targets = (
				7662A0CF2024778D00E15C63 /* teledu */,
				7662A0E22024778D00E15C63 /* teleduTests */,
				7662A0ED2024778D00E15C63 /* teleduUITests */,
			);
		};
/* End PBXProject section */

/* Begin PBXResourcesBuildPhase section */
		7662A0CE2024778D00E15C63 /* Resources */ = {
			isa = PBXResourcesBuildPhase;
			buildActionMask = 2147483647;
			files = (
				7662A0DD2024778D00E15C63 /* Assets.xcassets in Resources */,
				7662A0DB2024778D00E15C63 /* Main.storyboard in Resources */,
			);
			runOnlyForDeploymentPostprocessing = 0;
		};
		7662A0E12024778D00E15C63 /* Resources */ = {
			isa = PBXResourcesBuildPhase;
			buildActionMask = 2147483647;
			files = (
			);
			runOnlyForDeploymentPostprocessing = 0;
		};
		7662A0EC2024778D00E15C63 /* Resources */ = {
			isa = PBXResourcesBuildPhase;
			buildActionMask = 2147483647;
			files = (
			);
			runOnlyForDeploymentPostprocessing = 0;
		};
/* End PBXResourcesBuildPhase section */

/* Begin PBXSourcesBuildPhase section */
		7662A0CC2024778D00E15C63 /* Sources */ = {
			isa = PBXSourcesBuildPhase;
			buildActionMask = 2147483647;
			files = (
				76157DA920287B110027EB87 /* ViewModelInjectable.swift in Sources */,
				768E6000202494D300D3B93F /* MessageBoxService.swift in Sources */,
				76157DA3202872150027EB87 /* RootTabBarController.swift in Sources */,
				76157D9C202869F50027EB87 /* UIImageExtensions.swift in Sources */,
				768E5FE52024857F00D3B93F /* GenericViewController.swift in Sources */,
				7642ED53202A284100328659 /* MessagingPayload.swift in Sources */,
				76992C002029A4ED0015B52E /* BrowserViewModel.swift in Sources */,
				76992C052029B0D50015B52E /* Event.swift in Sources */,
				768E5FF9202489AF00D3B93F /* ServiceContextInjectable.swift in Sources */,
				768E5FF32024884300D3B93F /* ServiceContext.swift in Sources */,
				76157DAE20288B940027EB87 /* Activable.swift in Sources */,
				7662A0D82024778D00E15C63 /* DrawingViewController.swift in Sources */,
				768E5FF72024898400D3B93F /* ApplicationServiceContext.swift in Sources */,
				768E5FF12024871300D3B93F /* BaseService.swift in Sources */,
				76157D99202869F50027EB87 /* NSObjectExtensions.swift in Sources */,
				76157DA7202875C90027EB87 /* ViewModel.swift in Sources */,
				768E5FEA2024865600D3B93F /* MessagingServiceImpl.swift in Sources */,
				76157DB0202891090027EB87 /* RootTabBarViewModel.swift in Sources */,
				76992C092029B1160015B52E /* Disposable.swift in Sources */,
				76157D9E202869F50027EB87 /* ViewExtensions.swift in Sources */,
				7642ED4F202A257B00328659 /* PagerMessageParser.swift in Sources */,
				768E5FD9202483B600D3B93F /* BrowserViewController.swift in Sources */,
				7642ED51202A280300328659 /* MessagingSubscriptionStatus.swift in Sources */,
				76157DA0202869F50027EB87 /* CommonTypes.swift in Sources */,
				76992C022029A5180015B52E /* SysInfoViewModel.swift in Sources */,
				768E5FED2024869300D3B93F /* Bootstrapper.swift in Sources */,
				76157DA1202869F50027EB87 /* ViewLocator.swift in Sources */,
				7642ED55202A286500328659 /* MessagingError.swift in Sources */,
				76157DA5202875930027EB87 /* PagerViewModel.swift in Sources */,
				7662A0D42024778D00E15C63 /* AppDelegate.swift in Sources */,
				76992C0B2029B3790015B52E /* PagerMessage.swift in Sources */,
				76157D9A202869F50027EB87 /* StringExtensions.swift in Sources */,
				768E5FDB202483C800D3B93F /* SysInfoViewController.swift in Sources */,
				76157D9F202869F50027EB87 /* ServiceLocator.swift in Sources */,
				76157DAC2028842C0027EB87 /* Activator.swift in Sources */,
				769EC1C92024AEB40011DB3A /* WebSocketServiceImpl.swift in Sources */,
				76157D9B202869F50027EB87 /* UIColorExtensions.swift in Sources */,
				768E5FEF202486BF00D3B93F /* Registrable.swift in Sources */,
				768E5FE72024864200D3B93F /* MessagingService.swift in Sources */,
				769EC1C72024AE9A0011DB3A /* WebSocketService.swift in Sources */,
				7662A0D62024778D00E15C63 /* PagerViewController.swift in Sources */,
				76157DB22028A2990027EB87 /* DrawingViewModel.swift in Sources */,
				76157D9D202869F50027EB87 /* ViewControllerExtensions.swift in Sources */,
				76992C072029B10B0015B52E /* Invocable.swift in Sources */,
				7642ED4A2029E1A700328659 /* MessagingMessageParser.swift in Sources */,
				768E60032024950000D3B93F /* MessageBoxServiceImpl.swift in Sources */,
			);
			runOnlyForDeploymentPostprocessing = 0;
		};
		7662A0DF2024778D00E15C63 /* Sources */ = {
			isa = PBXSourcesBuildPhase;
			buildActionMask = 2147483647;
			files = (
				7642ED4C2029E28C00328659 /* PagerViewModelTests.swift in Sources */,
				76992BFE20299F9D0015B52E /* ServiceLocatorTests.swift in Sources */,
				7662A0E82024778D00E15C63 /* ActivatorTests.swift in Sources */,
			);
			runOnlyForDeploymentPostprocessing = 0;
		};
		7662A0EA2024778D00E15C63 /* Sources */ = {
			isa = PBXSourcesBuildPhase;
			buildActionMask = 2147483647;
			files = (
				7662A0F32024778D00E15C63 /* teleduUITests.swift in Sources */,
			);
			runOnlyForDeploymentPostprocessing = 0;
		};
/* End PBXSourcesBuildPhase section */

/* Begin PBXTargetDependency section */
		7662A0E52024778D00E15C63 /* PBXTargetDependency */ = {
			isa = PBXTargetDependency;
			target = 7662A0CF2024778D00E15C63 /* teledu */;
			targetProxy = 7662A0E42024778D00E15C63 /* PBXContainerItemProxy */;
		};
		7662A0F02024778D00E15C63 /* PBXTargetDependency */ = {
			isa = PBXTargetDependency;
			target = 7662A0CF2024778D00E15C63 /* teledu */;
			targetProxy = 7662A0EF2024778D00E15C63 /* PBXContainerItemProxy */;
		};
/* End PBXTargetDependency section */

/* Begin PBXVariantGroup section */
		7662A0D92024778D00E15C63 /* Main.storyboard */ = {
			isa = PBXVariantGroup;
			children = (
				7662A0DA2024778D00E15C63 /* Base */,
			);
			name = Main.storyboard;
			sourceTree = "<group>";
		};
/* End PBXVariantGroup section */

/* Begin XCBuildConfiguration section */
		7662A0F52024778D00E15C63 /* Debug */ = {
			isa = XCBuildConfiguration;
			buildSettings = {
				ALWAYS_SEARCH_USER_PATHS = NO;
				CLANG_ANALYZER_NONNULL = YES;
				CLANG_ANALYZER_NUMBER_OBJECT_CONVERSION = YES_AGGRESSIVE;
				CLANG_CXX_LANGUAGE_STANDARD = "gnu++14";
				CLANG_CXX_LIBRARY = "libc++";
				CLANG_ENABLE_MODULES = YES;
				CLANG_ENABLE_OBJC_ARC = YES;
				CLANG_WARN_BLOCK_CAPTURE_AUTORELEASING = YES;
				CLANG_WARN_BOOL_CONVERSION = YES;
				CLANG_WARN_COMMA = YES;
				CLANG_WARN_CONSTANT_CONVERSION = YES;
				CLANG_WARN_DIRECT_OBJC_ISA_USAGE = YES_ERROR;
				CLANG_WARN_DOCUMENTATION_COMMENTS = YES;
				CLANG_WARN_EMPTY_BODY = YES;
				CLANG_WARN_ENUM_CONVERSION = YES;
				CLANG_WARN_INFINITE_RECURSION = YES;
				CLANG_WARN_INT_CONVERSION = YES;
				CLANG_WARN_NON_LITERAL_NULL_CONVERSION = YES;
				CLANG_WARN_OBJC_LITERAL_CONVERSION = YES;
				CLANG_WARN_OBJC_ROOT_CLASS = YES_ERROR;
				CLANG_WARN_RANGE_LOOP_ANALYSIS = YES;
				CLANG_WARN_STRICT_PROTOTYPES = YES;
				CLANG_WARN_SUSPICIOUS_MOVE = YES;
				CLANG_WARN_UNGUARDED_AVAILABILITY = YES_AGGRESSIVE;
				CLANG_WARN_UNREACHABLE_CODE = YES;
				CLANG_WARN__DUPLICATE_METHOD_MATCH = YES;
				COPY_PHASE_STRIP = NO;
				DEBUG_INFORMATION_FORMAT = dwarf;
				ENABLE_STRICT_OBJC_MSGSEND = YES;
				ENABLE_TESTABILITY = YES;
				GCC_C_LANGUAGE_STANDARD = gnu11;
				GCC_DYNAMIC_NO_PIC = NO;
				GCC_NO_COMMON_BLOCKS = YES;
				GCC_OPTIMIZATION_LEVEL = 0;
				GCC_PREPROCESSOR_DEFINITIONS = (
					"DEBUG=1",
					"$(inherited)",
				);
				GCC_WARN_64_TO_32_BIT_CONVERSION = YES;
				GCC_WARN_ABOUT_RETURN_TYPE = YES_ERROR;
				GCC_WARN_UNDECLARED_SELECTOR = YES;
				GCC_WARN_UNINITIALIZED_AUTOS = YES_AGGRESSIVE;
				GCC_WARN_UNUSED_FUNCTION = YES;
				GCC_WARN_UNUSED_VARIABLE = YES;
				MTL_ENABLE_DEBUG_INFO = YES;
				ONLY_ACTIVE_ARCH = YES;
				SDKROOT = appletvos;
				SWIFT_ACTIVE_COMPILATION_CONDITIONS = DEBUG;
				SWIFT_OPTIMIZATION_LEVEL = "-Onone";
				TVOS_DEPLOYMENT_TARGET = 11.2;
			};
			name = Debug;
		};
		7662A0F62024778D00E15C63 /* Release */ = {
			isa = XCBuildConfiguration;
			buildSettings = {
				ALWAYS_SEARCH_USER_PATHS = NO;
				CLANG_ANALYZER_NONNULL = YES;
				CLANG_ANALYZER_NUMBER_OBJECT_CONVERSION = YES_AGGRESSIVE;
				CLANG_CXX_LANGUAGE_STANDARD = "gnu++14";
				CLANG_CXX_LIBRARY = "libc++";
				CLANG_ENABLE_MODULES = YES;
				CLANG_ENABLE_OBJC_ARC = YES;
				CLANG_WARN_BLOCK_CAPTURE_AUTORELEASING = YES;
				CLANG_WARN_BOOL_CONVERSION = YES;
				CLANG_WARN_COMMA = YES;
				CLANG_WARN_CONSTANT_CONVERSION = YES;
				CLANG_WARN_DIRECT_OBJC_ISA_USAGE = YES_ERROR;
				CLANG_WARN_DOCUMENTATION_COMMENTS = YES;
				CLANG_WARN_EMPTY_BODY = YES;
				CLANG_WARN_ENUM_CONVERSION = YES;
				CLANG_WARN_INFINITE_RECURSION = YES;
				CLANG_WARN_INT_CONVERSION = YES;
				CLANG_WARN_NON_LITERAL_NULL_CONVERSION = YES;
				CLANG_WARN_OBJC_LITERAL_CONVERSION = YES;
				CLANG_WARN_OBJC_ROOT_CLASS = YES_ERROR;
				CLANG_WARN_RANGE_LOOP_ANALYSIS = YES;
				CLANG_WARN_STRICT_PROTOTYPES = YES;
				CLANG_WARN_SUSPICIOUS_MOVE = YES;
				CLANG_WARN_UNGUARDED_AVAILABILITY = YES_AGGRESSIVE;
				CLANG_WARN_UNREACHABLE_CODE = YES;
				CLANG_WARN__DUPLICATE_METHOD_MATCH = YES;
				COPY_PHASE_STRIP = NO;
				DEBUG_INFORMATION_FORMAT = "dwarf-with-dsym";
				ENABLE_NS_ASSERTIONS = NO;
				ENABLE_STRICT_OBJC_MSGSEND = YES;
				GCC_C_LANGUAGE_STANDARD = gnu11;
				GCC_NO_COMMON_BLOCKS = YES;
				GCC_WARN_64_TO_32_BIT_CONVERSION = YES;
				GCC_WARN_ABOUT_RETURN_TYPE = YES_ERROR;
				GCC_WARN_UNDECLARED_SELECTOR = YES;
				GCC_WARN_UNINITIALIZED_AUTOS = YES_AGGRESSIVE;
				GCC_WARN_UNUSED_FUNCTION = YES;
				GCC_WARN_UNUSED_VARIABLE = YES;
				MTL_ENABLE_DEBUG_INFO = NO;
				SDKROOT = appletvos;
				SWIFT_OPTIMIZATION_LEVEL = "-Owholemodule";
				TVOS_DEPLOYMENT_TARGET = 11.2;
				VALIDATE_PRODUCT = YES;
			};
			name = Release;
		};
		7662A0F82024778D00E15C63 /* Debug */ = {
			isa = XCBuildConfiguration;
			buildSettings = {
				ASSETCATALOG_COMPILER_APPICON_NAME = "App Icon & Top Shelf Image";
				ASSETCATALOG_COMPILER_LAUNCHIMAGE_NAME = LaunchImage;
				CODE_SIGN_STYLE = Automatic;
				DEVELOPMENT_TEAM = 993MB69NQU;
				FRAMEWORK_SEARCH_PATHS = (
					"$(inherited)",
					"$(PROJECT_DIR)/Source/External/PubNub",
				);
				INFOPLIST_FILE = Source/Info.plist;
				LD_RUNPATH_SEARCH_PATHS = "$(inherited) @executable_path/Frameworks";
				PRODUCT_BUNDLE_IDENTIFIER = me.lexiko.teledu;
				PRODUCT_NAME = "$(TARGET_NAME)";
				SWIFT_VERSION = 4.0;
				TARGETED_DEVICE_FAMILY = 3;
				TVOS_DEPLOYMENT_TARGET = 11.2;
			};
			name = Debug;
		};
		7662A0F92024778D00E15C63 /* Release */ = {
			isa = XCBuildConfiguration;
			buildSettings = {
				ASSETCATALOG_COMPILER_APPICON_NAME = "App Icon & Top Shelf Image";
				ASSETCATALOG_COMPILER_LAUNCHIMAGE_NAME = LaunchImage;
				CODE_SIGN_STYLE = Automatic;
				DEVELOPMENT_TEAM = 993MB69NQU;
				FRAMEWORK_SEARCH_PATHS = (
					"$(inherited)",
					"$(PROJECT_DIR)/Source/External/PubNub",
				);
				INFOPLIST_FILE = Source/Info.plist;
				LD_RUNPATH_SEARCH_PATHS = "$(inherited) @executable_path/Frameworks";
				PRODUCT_BUNDLE_IDENTIFIER = me.lexiko.teledu;
				PRODUCT_NAME = "$(TARGET_NAME)";
				SWIFT_VERSION = 4.0;
				TARGETED_DEVICE_FAMILY = 3;
				TVOS_DEPLOYMENT_TARGET = 11.2;
			};
			name = Release;
		};
		7662A0FB2024778D00E15C63 /* Debug */ = {
			isa = XCBuildConfiguration;
			buildSettings = {
				ALWAYS_EMBED_SWIFT_STANDARD_LIBRARIES = YES;
				BUNDLE_LOADER = "$(TEST_HOST)";
				CODE_SIGN_STYLE = Automatic;
				DEVELOPMENT_TEAM = 993MB69NQU;
				INFOPLIST_FILE = teleduTests/Info.plist;
				LD_RUNPATH_SEARCH_PATHS = "$(inherited) @executable_path/Frameworks @loader_path/Frameworks";
				PRODUCT_BUNDLE_IDENTIFIER = me.lexiko.teleduTests;
				PRODUCT_NAME = "$(TARGET_NAME)";
				SWIFT_VERSION = 4.0;
				TARGETED_DEVICE_FAMILY = 3;
				TEST_HOST = "$(BUILT_PRODUCTS_DIR)/teledu.app/teledu";
			};
			name = Debug;
		};
		7662A0FC2024778D00E15C63 /* Release */ = {
			isa = XCBuildConfiguration;
			buildSettings = {
				ALWAYS_EMBED_SWIFT_STANDARD_LIBRARIES = YES;
				BUNDLE_LOADER = "$(TEST_HOST)";
				CODE_SIGN_STYLE = Automatic;
				DEVELOPMENT_TEAM = 993MB69NQU;
				INFOPLIST_FILE = teleduTests/Info.plist;
				LD_RUNPATH_SEARCH_PATHS = "$(inherited) @executable_path/Frameworks @loader_path/Frameworks";
				PRODUCT_BUNDLE_IDENTIFIER = me.lexiko.teleduTests;
				PRODUCT_NAME = "$(TARGET_NAME)";
				SWIFT_VERSION = 4.0;
				TARGETED_DEVICE_FAMILY = 3;
				TEST_HOST = "$(BUILT_PRODUCTS_DIR)/teledu.app/teledu";
			};
			name = Release;
		};
		7662A0FE2024778D00E15C63 /* Debug */ = {
			isa = XCBuildConfiguration;
			buildSettings = {
				ALWAYS_EMBED_SWIFT_STANDARD_LIBRARIES = YES;
				CODE_SIGN_STYLE = Automatic;
				DEVELOPMENT_TEAM = 993MB69NQU;
				INFOPLIST_FILE = teleduUITests/Info.plist;
				LD_RUNPATH_SEARCH_PATHS = "$(inherited) @executable_path/Frameworks @loader_path/Frameworks";
				PRODUCT_BUNDLE_IDENTIFIER = me.lexiko.teleduUITests;
				PRODUCT_NAME = "$(TARGET_NAME)";
				SWIFT_VERSION = 4.0;
				TARGETED_DEVICE_FAMILY = 3;
				TEST_TARGET_NAME = teledu;
			};
			name = Debug;
		};
		7662A0FF2024778D00E15C63 /* Release */ = {
			isa = XCBuildConfiguration;
			buildSettings = {
				ALWAYS_EMBED_SWIFT_STANDARD_LIBRARIES = YES;
				CODE_SIGN_STYLE = Automatic;
				DEVELOPMENT_TEAM = 993MB69NQU;
				INFOPLIST_FILE = teleduUITests/Info.plist;
				LD_RUNPATH_SEARCH_PATHS = "$(inherited) @executable_path/Frameworks @loader_path/Frameworks";
				PRODUCT_BUNDLE_IDENTIFIER = me.lexiko.teleduUITests;
				PRODUCT_NAME = "$(TARGET_NAME)";
				SWIFT_VERSION = 4.0;
				TARGETED_DEVICE_FAMILY = 3;
				TEST_TARGET_NAME = teledu;
			};
			name = Release;
		};
/* End XCBuildConfiguration section */

/* Begin XCConfigurationList section */
		7662A0CB2024778D00E15C63 /* Build configuration list for PBXProject "teledu" */ = {
			isa = XCConfigurationList;
			buildConfigurations = (
				7662A0F52024778D00E15C63 /* Debug */,
				7662A0F62024778D00E15C63 /* Release */,
			);
			defaultConfigurationIsVisible = 0;
			defaultConfigurationName = Release;
		};
		7662A0F72024778D00E15C63 /* Build configuration list for PBXNativeTarget "teledu" */ = {
			isa = XCConfigurationList;
			buildConfigurations = (
				7662A0F82024778D00E15C63 /* Debug */,
				7662A0F92024778D00E15C63 /* Release */,
			);
			defaultConfigurationIsVisible = 0;
			defaultConfigurationName = Release;
		};
		7662A0FA2024778D00E15C63 /* Build configuration list for PBXNativeTarget "teleduTests" */ = {
			isa = XCConfigurationList;
			buildConfigurations = (
				7662A0FB2024778D00E15C63 /* Debug */,
				7662A0FC2024778D00E15C63 /* Release */,
			);
			defaultConfigurationIsVisible = 0;
			defaultConfigurationName = Release;
		};
		7662A0FD2024778D00E15C63 /* Build configuration list for PBXNativeTarget "teleduUITests" */ = {
			isa = XCConfigurationList;
			buildConfigurations = (
				7662A0FE2024778D00E15C63 /* Debug */,
				7662A0FF2024778D00E15C63 /* Release */,
			);
			defaultConfigurationIsVisible = 0;
			defaultConfigurationName = Release;
		};
/* End XCConfigurationList section */
	};
	rootObject = 7662A0C82024778D00E15C63 /* Project object */;
}
